
Microsoft Visual Studio Solution File, Format Version 12.00
# Visual Studio Version 17
VisualStudioVersion = 17.9.34607.119
MinimumVisualStudioVersion = 10.0.40219.1
Project("{FAE04EC0-301F-11D3-BF4B-00C04F79EFBC}") = "Online Tech Shop", "Online Tech Shop\Online Tech Shop.csproj", "{68D7D072-057E-458C-9F4A-400C42CE4580}"
EndProject
Global
	GlobalSection(SolutionConfigurationPlatforms) = preSolution
		Debug|Any CPU = Debug|Any CPU
		Release|Any CPU = Release|Any CPU
	EndGlobalSection
	GlobalSection(ProjectConfigurationPlatforms) = postSolution
		{68D7D072-057E-458C-9F4A-400C42CE4580}.Debug|Any CPU.ActiveCfg = Debug|Any CPU
		{68D7D072-057E-458C-9F4A-400C42CE4580}.Debug|Any CPU.Build.0 = Debug|Any CPU
		{68D7D072-057E-458C-9F4A-400C42CE4580}.Release|Any CPU.ActiveCfg = Release|Any CPU
		{68D7D072-057E-458C-9F4A-400C42CE4580}.Release|Any CPU.Build.0 = Release|Any CPU
	EndGlobalSection
	GlobalSection(SolutionProperties) = preSolution
		HideSolutionNode = FALSE
	EndGlobalSection
	GlobalSection(ExtensibilityGlobals) = postSolution
		SolutionGuid = {CB3FC09C-3E50-4F95-95B9-9E2313CFAF8B}
	EndGlobalSection
EndGlobal
